PODS:
  - Flutter (1.0.0)
  - link_kit (0.0.3):
    - Flutter

DEPENDENCIES:
  - Flutter (from `Flutter`)
  - link_kit (from `.symlinks/plugins/link_kit/ios`)

EXTERNAL SOURCES:
  Flutter:
    :path: Flutter
  link_kit:
    :path: ".symlinks/plugins/link_kit/ios"

SPEC CHECKSUMS:
  Flutter: 50d75fe2f02b26cc09d224853bb45737f8b3214a
  link_kit: be34eb45bf6234318dc2230f7a9869edc9c14ce3

PODFILE CHECKSUM: 10f2619bddbe51698b6ee3b569f5500e832b0964

COCOAPODS: 1.11.3
