PODS:
  - Flutter (1.0.0)
  - link_kit (0.0.2):
    - Flutter

DEPENDENCIES:
  - Flutter (from `Flutter`)
  - link_kit (from `.symlinks/plugins/link_kit/ios`)

EXTERNAL SOURCES:
  Flutter:
    :path: Flutter
  link_kit:
    :path: ".symlinks/plugins/link_kit/ios"

SPEC CHECKSUMS:
  Flutter: 50d75fe2f02b26cc09d224853bb45737f8b3214a
  link_kit: bbd5081565a86256eb12eb53cb56c1133c749a7c

PODFILE CHECKSUM: 9257f12cd52fe167a2c4a4d4fd7496bc8d2a698d

COCOAPODS: 1.11.3
